
Microsoft Visual Studio Solution File, Format Version 12.00
# Visual Studio 15
VisualStudioVersion = 15.0.27703.2035
MinimumVisualStudioVersion = 10.0.40219.1
Project("{FAE04EC0-301F-11D3-BF4B-00C04F79EFBC}") = "U3_1", "U3_1\U3_1.csproj", "{A3B5E54E-5A21-4BA3-A2BD-05E8E3AF8F51}"
EndProject
Global
	GlobalSection(SolutionConfigurationPlatforms) = preSolution
		Debug|Any CPU = Debug|Any CPU
		Release|Any CPU = Release|Any CPU
	EndGlobalSection
	GlobalSection(ProjectConfigurationPlatforms) = postSolution
		{A3B5E54E-5A21-4BA3-A2BD-05E8E3AF8F51}.Debug|Any CPU.ActiveCfg = Debug|Any CPU
		{A3B5E54E-5A21-4BA3-A2BD-05E8E3AF8F51}.Debug|Any CPU.Build.0 = Debug|Any CPU
		{A3B5E54E-5A21-4BA3-A2BD-05E8E3AF8F51}.Release|Any CPU.ActiveCfg = Release|Any CPU
		{A3B5E54E-5A21-4BA3-A2BD-05E8E3AF8F51}.Release|Any CPU.Build.0 = Release|Any CPU
	EndGlobalSection
	GlobalSection(SolutionProperties) = preSolution
		HideSolutionNode = FALSE
	EndGlobalSection
	GlobalSection(ExtensibilityGlobals) = postSolution
		SolutionGuid = {CDC73E87-6F2F-4082-A51D-D0BDDA9E16CD}
	EndGlobalSection
EndGlobal
