
Microsoft Visual Studio Solution File, Format Version 12.00
# Visual Studio 15
VisualStudioVersion = 15.0.28010.2041
MinimumVisualStudioVersion = 10.0.40219.1
Project("{FAE04EC0-301F-11D3-BF4B-00C04F79EFBC}") = "ClaseListas2", "ClaseListas2\ClaseListas2.csproj", "{21CC284E-A7E4-4EBC-A6F2-E4E3D4C5060B}"
EndProject
Global
	GlobalSection(SolutionConfigurationPlatforms) = preSolution
		Debug|Any CPU = Debug|Any CPU
		Release|Any CPU = Release|Any CPU
	EndGlobalSection
	GlobalSection(ProjectConfigurationPlatforms) = postSolution
		{21CC284E-A7E4-4EBC-A6F2-E4E3D4C5060B}.Debug|Any CPU.ActiveCfg = Debug|Any CPU
		{21CC284E-A7E4-4EBC-A6F2-E4E3D4C5060B}.Debug|Any CPU.Build.0 = Debug|Any CPU
		{21CC284E-A7E4-4EBC-A6F2-E4E3D4C5060B}.Release|Any CPU.ActiveCfg = Release|Any CPU
		{21CC284E-A7E4-4EBC-A6F2-E4E3D4C5060B}.Release|Any CPU.Build.0 = Release|Any CPU
	EndGlobalSection
	GlobalSection(SolutionProperties) = preSolution
		HideSolutionNode = FALSE
	EndGlobalSection
	GlobalSection(ExtensibilityGlobals) = postSolution
		SolutionGuid = {9F3E1D76-7748-4381-A59D-F02D59DEC7E9}
	EndGlobalSection
EndGlobal
